PODS:
  - Alamofire (4.8.1)
  - APESuperHUD (2.0.1)
  - Bolts/Tasks (1.9.0)
  - CryptoSwift (0.13.1)
  - Kingfisher (4.10.1)
  - Parse (1.17.2):
    - Parse/Core (= 1.17.2)
  - Parse/Core (1.17.2):
    - Bolts/Tasks (~> 1.9)
  - SwiftyJSON (4.2.0)

DEPENDENCIES:
  - Alamofire
  - APESuperHUD (from `https://github.com/apegroup/APESuperHUD.git`)
  - CryptoSwift (from `https://github.com/krzyzanowskim/CryptoSwift`, branch `master`)
  - Kingfisher
  - Parse
  - SwiftyJSON

SPEC REPOS:
  https://github.com/cocoapods/specs.git:
    - Alamofire
    - Bolts
    - Kingfisher
    - Parse
    - SwiftyJSON

EXTERNAL SOURCES:
  APESuperHUD:
    :git: https://github.com/apegroup/APESuperHUD.git
  CryptoSwift:
    :branch: master
    :git: https://github.com/krzyzanowskim/CryptoSwift

CHECKOUT OPTIONS:
  APESuperHUD:
    :commit: 0a7aecdf9d00094824b68d2f15e0f277ea3b767b
    :git: https://github.com/apegroup/APESuperHUD.git
  CryptoSwift:
    :commit: 288692d159d1babc245a031dc59be759efd531bc
    :git: https://github.com/krzyzanowskim/CryptoSwift

SPEC CHECKSUMS:
  Alamofire: 16ce2c353fb72865124ddae8a57c5942388f4f11
  APESuperHUD: 18ce2f9f114dd38d8fef5a6831e71ae9634cfc26
  Bolts: ac6567323eac61e203f6a9763667d0f711be34c8
  CryptoSwift: ff68c35a53e03177d31aaa2c1e8b3e010aeed6cb
  Kingfisher: c148cd7b47ebde9989f6bc7c27dcaa79d81279a0
  Parse: 3b31a3dd1777b07ee7f0caee32fafbff544483a5
  SwiftyJSON: c4bcba26dd9ec7a027fc8eade48e2c911f229e96

PODFILE CHECKSUM: 46880e8233b3693e744d500cd6034acbaaf5d86e

COCOAPODS: 1.6.0.beta.2
