// !$*UTF8*$!
{
	archiveVersion = 1;
	classes = {
	};
	objectVersion = 46;
	objects = {

/* Begin PBXBuildFile section */
		412741B51E9F93B20074CDD7 /* AppDelegate.swift in Sources */ = {isa = PBXBuildFile; fileRef = 412741B41E9F93B20074CDD7 /* AppDelegate.swift */; };
		412741B71E9F93B20074CDD7 /* ViewController.swift in Sources */ = {isa = PBXBuildFile; fileRef = 412741B61E9F93B20074CDD7 /* ViewController.swift */; };
		412741BA1E9F93B20074CDD7 /* Main.storyboard in Resources */ = {isa = PBXBuildFile; fileRef = 412741B81E9F93B20074CDD7 /* Main.storyboard */; };
		412741BC1E9F93B20074CDD7 /* Assets.xcassets in Resources */ = {isa = PBXBuildFile; fileRef = 412741BB1E9F93B20074CDD7 /* Assets.xcassets */; };
		412741BF1E9F93B20074CDD7 /* LaunchScreen.storyboard in Resources */ = {isa = PBXBuildFile; fileRef = 412741BD1E9F93B20074CDD7 /* LaunchScreen.storyboard */; };
/* End PBXBuildFile section */

/* Begin PBXFileReference section */
		412741B11E9F93B20074CDD7 /* iSaldos.app */ = {isa = PBXFileReference; explicitFileType = wrapper.application; includeInIndex = 0; path = iSaldos.app; sourceTree = BUILT_PRODUCTS_DIR; };
		412741B41E9F93B20074CDD7 /* AppDelegate.swift */ = {isa = PBXFileReference; lastKnownFileType = sourcecode.swift; path = AppDelegate.swift; sourceTree = "<group>"; };
		412741B61E9F93B20074CDD7 /* ViewController.swift */ = {isa = PBXFileReference; lastKnownFileType = sourcecode.swift; path = ViewController.swift; sourceTree = "<group>"; };
		412741B91E9F93B20074CDD7 /* Base */ = {isa = PBXFileReference; lastKnownFileType = file.storyboard; name = Base; path = Base.lproj/Main.storyboard; sourceTree = "<group>"; };
		412741BB1E9F93B20074CDD7 /* Assets.xcassets */ = {isa = PBXFileReference; lastKnownFileType = folder.assetcatalog; path = Assets.xcassets; sourceTree = "<group>"; };
		412741BE1E9F93B20074CDD7 /* Base */ = {isa = PBXFileReference; lastKnownFileType = file.storyboard; name = Base; path = Base.lproj/LaunchScreen.storyboard; sourceTree = "<group>"; };
		412741C01E9F93B20074CDD7 /* Info.plist */ = {isa = PBXFileReference; lastKnownFileType = text.plist.xml; path = Info.plist; sourceTree = "<group>"; };
/* End PBXFileReference section */

/* Begin PBXFrameworksBuildPhase section */
		412741AE1E9F93B20074CDD7 /* Frameworks */ = {
			isa = PBXFrameworksBuildPhase;
			buildActionMask = 2147483647;
			files = (
			);
			runOnlyForDeploymentPostprocessing = 0;
		};
/* End PBXFrameworksBuildPhase section */

/* Begin PBXGroup section */
		412741A81E9F93B20074CDD7 = {
			isa = PBXGroup;
			children = (
				412741B31E9F93B20074CDD7 /* iSaldos */,
				412741B21E9F93B20074CDD7 /* Products */,
			);
			sourceTree = "<group>";
		};
		412741B21E9F93B20074CDD7 /* Products */ = {
			isa = PBXGroup;
			children = (
				412741B11E9F93B20074CDD7 /* iSaldos.app */,
			);
			name = Products;
			sourceTree = "<group>";
		};
		412741B31E9F93B20074CDD7 /* iSaldos */ = {
			isa = PBXGroup;
			children = (
				412741B41E9F93B20074CDD7 /* AppDelegate.swift */,
				412741B61E9F93B20074CDD7 /* ViewController.swift */,
				412741B81E9F93B20074CDD7 /* Main.storyboard */,
				412741BB1E9F93B20074CDD7 /* Assets.xcassets */,
				412741BD1E9F93B20074CDD7 /* LaunchScreen.storyboard */,
				412741C01E9F93B20074CDD7 /* Info.plist */,
			);
			path = iSaldos;
			sourceTree = "<group>";
		};
/* End PBXGroup section */

/* Begin PBXNativeTarget section */
		412741B01E9F93B20074CDD7 /* iSaldos */ = {
			isa = PBXNativeTarget;
			buildConfigurationList = 412741C31E9F93B20074CDD7 /* Build configuration list for PBXNativeTarget "iSaldos" */;
			buildPhases = (
				412741AD1E9F93B20074CDD7 /* Sources */,
				412741AE1E9F93B20074CDD7 /* Frameworks */,
				412741AF1E9F93B20074CDD7 /* Resources */,
			);
			buildRules = (
			);
			dependencies = (
			);
			name = iSaldos;
			productName = iSaldos;
			productReference = 412741B11E9F93B20074CDD7 /* iSaldos.app */;
			productType = "com.apple.product-type.application";
		};
/* End PBXNativeTarget section */

/* Begin PBXProject section */
		412741A91E9F93B20074CDD7 /* Project object */ = {
			isa = PBXProject;
			attributes = {
				LastSwiftUpdateCheck = 0830;
				LastUpgradeCheck = 0830;
				ORGANIZATIONNAME = icologic;
				TargetAttributes = {
					412741B01E9F93B20074CDD7 = {
						CreatedOnToolsVersion = 8.3;
						DevelopmentTeam = 2C7W4RF846;
						ProvisioningStyle = Automatic;
					};
				};
			};
			buildConfigurationList = 412741AC1E9F93B20074CDD7 /* Build configuration list for PBXProject "iSaldos" */;
			compatibilityVersion = "Xcode 3.2";
			developmentRegion = English;
			hasScannedForEncodings = 0;
			knownRegions = (
				en,
				Base,
			);
			mainGroup = 412741A81E9F93B20074CDD7;
			productRefGroup = 412741B21E9F93B20074CDD7 /* Products */;
			projectDirPath = "";
			projectRoot = "";
			targets = (
				412741B01E9F93B20074CDD7 /* iSaldos */,
			);
		};
/* End PBXProject section */

/* Begin PBXResourcesBuildPhase section */
		412741AF1E9F93B20074CDD7 /* Resources */ = {
			isa = PBXResourcesBuildPhase;
			buildActionMask = 2147483647;
			files = (
				412741BF1E9F93B20074CDD7 /* LaunchScreen.storyboard in Resources */,
				412741BC1E9F93B20074CDD7 /* Assets.xcassets in Resources */,
				412741BA1E9F93B20074CDD7 /* Main.storyboard in Resources */,
			);
			runOnlyForDeploymentPostprocessing = 0;
		};
/* End PBXResourcesBuildPhase section */

/* Begin PBXSourcesBuildPhase section */
		412741AD1E9F93B20074CDD7 /* Sources */ = {
			isa = PBXSourcesBuildPhase;
			buildActionMask = 2147483647;
			files = (
				412741B71E9F93B20074CDD7 /* ViewController.swift in Sources */,
				412741B51E9F93B20074CDD7 /* AppDelegate.swift in Sources */,
			);
			runOnlyForDeploymentPostprocessing = 0;
		};
/* End PBXSourcesBuildPhase section */

/* Begin PBXVariantGroup section */
		412741B81E9F93B20074CDD7 /* Main.storyboard */ = {
			isa = PBXVariantGroup;
			children = (
				412741B91E9F93B20074CDD7 /* Base */,
			);
			name = Main.storyboard;
			sourceTree = "<group>";
		};
		412741BD1E9F93B20074CDD7 /* LaunchScreen.storyboard */ = {
			isa = PBXVariantGroup;
			children = (
				412741BE1E9F93B20074CDD7 /* Base */,
			);
			name = LaunchScreen.storyboard;
			sourceTree = "<group>";
		};
/* End PBXVariantGroup section */

/* Begin XCBuildConfiguration section */
		412741C11E9F93B20074CDD7 /* Debug */ = {
			isa = XCBuildConfiguration;
			buildSettings = {
				ALWAYS_SEARCH_USER_PATHS = NO;
				CLANG_ANALYZER_NONNULL = YES;
				CLANG_ANALYZER_NUMBER_OBJECT_CONVERSION = YES_AGGRESSIVE;
				CLANG_CXX_LANGUAGE_STANDARD = "gnu++0x";
				CLANG_CXX_LIBRARY = "libc++";
				CLANG_ENABLE_MODULES = YES;
				CLANG_ENABLE_OBJC_ARC = YES;
				CLANG_WARN_BOOL_CONVERSION = YES;
				CLANG_WARN_CONSTANT_CONVERSION = YES;
				CLANG_WARN_DIRECT_OBJC_ISA_USAGE = YES_ERROR;
				CLANG_WARN_DOCUMENTATION_COMMENTS = YES;
				CLANG_WARN_EMPTY_BODY = YES;
				CLANG_WARN_ENUM_CONVERSION = YES;
				CLANG_WARN_INFINITE_RECURSION = YES;
				CLANG_WARN_INT_CONVERSION = YES;
				CLANG_WARN_OBJC_ROOT_CLASS = YES_ERROR;
				CLANG_WARN_SUSPICIOUS_MOVE = YES;
				CLANG_WARN_UNREACHABLE_CODE = YES;
				CLANG_WARN__DUPLICATE_METHOD_MATCH = YES;
				"CODE_SIGN_IDENTITY[sdk=iphoneos*]" = "iPhone Developer";
				COPY_PHASE_STRIP = NO;
				DEBUG_INFORMATION_FORMAT = dwarf;
				ENABLE_STRICT_OBJC_MSGSEND = YES;
				ENABLE_TESTABILITY = YES;
				GCC_C_LANGUAGE_STANDARD = gnu99;
				GCC_DYNAMIC_NO_PIC = NO;
				GCC_NO_COMMON_BLOCKS = YES;
				GCC_OPTIMIZATION_LEVEL = 0;
				GCC_PREPROCESSOR_DEFINITIONS = (
					"DEBUG=1",
					"$(inherited)",
				);
				GCC_WARN_64_TO_32_BIT_CONVERSION = YES;
				GCC_WARN_ABOUT_RETURN_TYPE = YES_ERROR;
				GCC_WARN_UNDECLARED_SELECTOR = YES;
				GCC_WARN_UNINITIALIZED_AUTOS = YES_AGGRESSIVE;
				GCC_WARN_UNUSED_FUNCTION = YES;
				GCC_WARN_UNUSED_VARIABLE = YES;
				IPHONEOS_DEPLOYMENT_TARGET = 10.3;
				MTL_ENABLE_DEBUG_INFO = YES;
				ONLY_ACTIVE_ARCH = YES;
				SDKROOT = iphoneos;
				SWIFT_ACTIVE_COMPILATION_CONDITIONS = DEBUG;
				SWIFT_OPTIMIZATION_LEVEL = "-Onone";
			};
			name = Debug;
		};
		412741C21E9F93B20074CDD7 /* Release */ = {
			isa = XCBuildConfiguration;
			buildSettings = {
				ALWAYS_SEARCH_USER_PATHS = NO;
				CLANG_ANALYZER_NONNULL = YES;
				CLANG_ANALYZER_NUMBER_OBJECT_CONVERSION = YES_AGGRESSIVE;
				CLANG_CXX_LANGUAGE_STANDARD = "gnu++0x";
				CLANG_CXX_LIBRARY = "libc++";
				CLANG_ENABLE_MODULES = YES;
				CLANG_ENABLE_OBJC_ARC = YES;
				CLANG_WARN_BOOL_CONVERSION = YES;
				CLANG_WARN_CONSTANT_CONVERSION = YES;
				CLANG_WARN_DIRECT_OBJC_ISA_USAGE = YES_ERROR;
				CLANG_WARN_DOCUMENTATION_COMMENTS = YES;
				CLANG_WARN_EMPTY_BODY = YES;
				CLANG_WARN_ENUM_CONVERSION = YES;
				CLANG_WARN_INFINITE_RECURSION = YES;
				CLANG_WARN_INT_CONVERSION = YES;
				CLANG_WARN_OBJC_ROOT_CLASS = YES_ERROR;
				CLANG_WARN_SUSPICIOUS_MOVE = YES;
				CLANG_WARN_UNREACHABLE_CODE = YES;
				CLANG_WARN__DUPLICATE_METHOD_MATCH = YES;
				"CODE_SIGN_IDENTITY[sdk=iphoneos*]" = "iPhone Developer";
				COPY_PHASE_STRIP = NO;
				DEBUG_INFORMATION_FORMAT = "dwarf-with-dsym";
				ENABLE_NS_ASSERTIONS = NO;
				ENABLE_STRICT_OBJC_MSGSEND = YES;
				GCC_C_LANGUAGE_STANDARD = gnu99;
				GCC_NO_COMMON_BLOCKS = YES;
				GCC_WARN_64_TO_32_BIT_CONVERSION = YES;
				GCC_WARN_ABOUT_RETURN_TYPE = YES_ERROR;
				GCC_WARN_UNDECLARED_SELECTOR = YES;
				GCC_WARN_UNINITIALIZED_AUTOS = YES_AGGRESSIVE;
				GCC_WARN_UNUSED_FUNCTION = YES;
				GCC_WARN_UNUSED_VARIABLE = YES;
				IPHONEOS_DEPLOYMENT_TARGET = 10.3;
				MTL_ENABLE_DEBUG_INFO = NO;
				SDKROOT = iphoneos;
				SWIFT_OPTIMIZATION_LEVEL = "-Owholemodule";
				VALIDATE_PRODUCT = YES;
			};
			name = Release;
		};
		412741C41E9F93B20074CDD7 /* Debug */ = {
			isa = XCBuildConfiguration;
			buildSettings = {
				ASSETCATALOG_COMPILER_APPICON_NAME = AppIcon;
				DEVELOPMENT_TEAM = 2C7W4RF846;
				INFOPLIST_FILE = iSaldos/Info.plist;
				LD_RUNPATH_SEARCH_PATHS = "$(inherited) @executable_path/Frameworks";
				PRODUCT_BUNDLE_IDENTIFIER = com.icologic.iSaldos;
				PRODUCT_NAME = "$(TARGET_NAME)";
				SWIFT_VERSION = 3.0;
			};
			name = Debug;
		};
		412741C51E9F93B20074CDD7 /* Release */ = {
			isa = XCBuildConfiguration;
			buildSettings = {
				ASSETCATALOG_COMPILER_APPICON_NAME = AppIcon;
				DEVELOPMENT_TEAM = 2C7W4RF846;
				INFOPLIST_FILE = iSaldos/Info.plist;
				LD_RUNPATH_SEARCH_PATHS = "$(inherited) @executable_path/Frameworks";
				PRODUCT_BUNDLE_IDENTIFIER = com.icologic.iSaldos;
				PRODUCT_NAME = "$(TARGET_NAME)";
				SWIFT_VERSION = 3.0;
			};
			name = Release;
		};
/* End XCBuildConfiguration section */

/* Begin XCConfigurationList section */
		412741AC1E9F93B20074CDD7 /* Build configuration list for PBXProject "iSaldos" */ = {
			isa = XCConfigurationList;
			buildConfigurations = (
				412741C11E9F93B20074CDD7 /* Debug */,
				412741C21E9F93B20074CDD7 /* Release */,
			);
			defaultConfigurationIsVisible = 0;
			defaultConfigurationName = Release;
		};
		412741C31E9F93B20074CDD7 /* Build configuration list for PBXNativeTarget "iSaldos" */ = {
			isa = XCConfigurationList;
			buildConfigurations = (
				412741C41E9F93B20074CDD7 /* Debug */,
				412741C51E9F93B20074CDD7 /* Release */,
			);
			defaultConfigurationIsVisible = 0;
		};
/* End XCConfigurationList section */
	};
	rootObject = 412741A91E9F93B20074CDD7 /* Project object */;
}
